
Microsoft Visual Studio Solution File, Format Version 12.00
Project("{FAE04EC0-301F-11D3-BF4B-00C04F79EFBC}") = "NoMemory.Account", "NoMemory.Account\NoMemory.Account.csproj", "{FEEF1106-251D-466F-A0AE-C22762963254}"
EndProject
Global
	GlobalSection(SolutionConfigurationPlatforms) = preSolution
		Debug|Any CPU = Debug|Any CPU
		Release|Any CPU = Release|Any CPU
	EndGlobalSection
	GlobalSection(ProjectConfigurationPlatforms) = postSolution
		{FEEF1106-251D-466F-A0AE-C22762963254}.Debug|Any CPU.ActiveCfg = Debug|Any CPU
		{FEEF1106-251D-466F-A0AE-C22762963254}.Debug|Any CPU.Build.0 = Debug|Any CPU
		{FEEF1106-251D-466F-A0AE-C22762963254}.Release|Any CPU.ActiveCfg = Release|Any CPU
		{FEEF1106-251D-466F-A0AE-C22762963254}.Release|Any CPU.Build.0 = Release|Any CPU
	EndGlobalSection
EndGlobal
